<Solution>
  <Folder Name="/src/">
    <Project Path="src\NuvTools.Storage\NuvTools.Storage.csproj" Type="C#" />
    <Project Path="src\NuvTools.Storage.Azure\NuvTools.Storage.Azure.csproj" Type="C#" />
  </Folder>
  <Folder Name="/tests/">
    <Project Path="tests\NuvTools.Storage.Azure.Test\NuvTools.Storage.Azure.Test.csproj" Type="C#" />
  </Folder>
  <Properties Name="Configuration">
    <Property Name="Debug|Any CPU" />
    <Property Name="Release|Any CPU" />
  </Properties>
</Solution>
